
Microsoft Visual Studio Solution File, Format Version 12.00
# Visual Studio 2015
Project("{FAE04EC0-301F-11D3-BF4B-00C04F79EFBC}") = "Submersible.CSharp", "Submersible.CSharp.csproj", "{AE9B6A62-3EC0-FCF1-9D90-245DEDDF38C0}"
EndProject
Global
	GlobalSection(SolutionConfigurationPlatforms) = preSolution
		Debug|Any CPU = Debug|Any CPU
		Release|Any CPU = Release|Any CPU
	EndGlobalSection
	GlobalSection(ProjectConfigurationPlatforms) = postSolution
		{AE9B6A62-3EC0-FCF1-9D90-245DEDDF38C0}.Debug|Any CPU.ActiveCfg = Debug|Any CPU
		{AE9B6A62-3EC0-FCF1-9D90-245DEDDF38C0}.Debug|Any CPU.Build.0 = Debug|Any CPU
		{AE9B6A62-3EC0-FCF1-9D90-245DEDDF38C0}.Release|Any CPU.ActiveCfg = Release|Any CPU
		{AE9B6A62-3EC0-FCF1-9D90-245DEDDF38C0}.Release|Any CPU.Build.0 = Release|Any CPU
	EndGlobalSection
	GlobalSection(SolutionProperties) = preSolution
		HideSolutionNode = FALSE
	EndGlobalSection
EndGlobal
