Microsoft Visual Studio Solution File, Format Version 11.00
# Visual Studio 2008

Project("{0B69FC06-C967-17EB-3708-9A2C4B5B12D7}") = "Submersible", "Assembly-CSharp.csproj", "{4F54E463-E2A4-F93B-C761-632DA371DD9E}"
EndProject
Project("{0B69FC06-C967-17EB-3708-9A2C4B5B12D7}") = "Submersible", "Assembly-CSharp-Editor.csproj", "{4CCBA461-A40A-D47F-4886-F85BFE6EA100}"
EndProject
Global
	GlobalSection(SolutionConfigurationPlatforms) = preSolution
		Debug|Any CPU = Debug|Any CPU
		Release|Any CPU = Release|Any CPU
	EndGlobalSection
	GlobalSection(ProjectConfigurationPlatforms) = postSolution
		{4F54E463-E2A4-F93B-C761-632DA371DD9E}.Debug|Any CPU.ActiveCfg = Debug|Any CPU
		{4F54E463-E2A4-F93B-C761-632DA371DD9E}.Debug|Any CPU.Build.0 = Debug|Any CPU
		{4F54E463-E2A4-F93B-C761-632DA371DD9E}.Release|Any CPU.ActiveCfg = Release|Any CPU
		{4F54E463-E2A4-F93B-C761-632DA371DD9E}.Release|Any CPU.Build.0 = Release|Any CPU
		{4CCBA461-A40A-D47F-4886-F85BFE6EA100}.Debug|Any CPU.ActiveCfg = Debug|Any CPU
		{4CCBA461-A40A-D47F-4886-F85BFE6EA100}.Debug|Any CPU.Build.0 = Debug|Any CPU
		{4CCBA461-A40A-D47F-4886-F85BFE6EA100}.Release|Any CPU.ActiveCfg = Release|Any CPU
		{4CCBA461-A40A-D47F-4886-F85BFE6EA100}.Release|Any CPU.Build.0 = Release|Any CPU
	EndGlobalSection
	GlobalSection(SolutionProperties) = preSolution
		HideSolutionNode = FALSE
	EndGlobalSection
	GlobalSection(MonoDevelopProperties) = preSolution
		StartupItem = Assembly-CSharp.csproj
	EndGlobalSection
EndGlobal
